
Microsoft Visual Studio Solution File, Format Version 11.00
# Visual Studio Version 17

Project("{8BC9CEB8-8B4A-11D0-8D11-00A0C91BC942}") = "CAB-TR - Standalone Plugin", "CAB-TR_StandalonePlugin.vcxproj", "{97D0737F-FB69-27DB-5C15-ABE49AC57131}"
	ProjectSection(ProjectDependencies) = postProject
		{90051305-7C3D-33A2-9447-22DAF26A8C2C} = {90051305-7C3D-33A2-9447-22DAF26A8C2C}
	EndProjectSection
EndProject
Project("{8BC9CEB8-8B4A-11D0-8D11-00A0C91BC942}") = "CAB-TR - VST3", "CAB-TR_VST3.vcxproj", "{7BC32E3F-C040-2B03-8D37-3858DD76435A}"
	ProjectSection(ProjectDependencies) = postProject
		{90051305-7C3D-33A2-9447-22DAF26A8C2C} = {90051305-7C3D-33A2-9447-22DAF26A8C2C}
		{AECFE9C6-3BB5-88B6-11E9-32C19B11F041} = {AECFE9C6-3BB5-88B6-11E9-32C19B11F041}
	EndProjectSection
EndProject
Project("{8BC9CEB8-8B4A-11D0-8D11-00A0C91BC942}") = "CAB-TR - Shared Code", "CAB-TR_SharedCode.vcxproj", "{90051305-7C3D-33A2-9447-22DAF26A8C2C}"
EndProject
Project("{8BC9CEB8-8B4A-11D0-8D11-00A0C91BC942}") = "CAB-TR - VST3 Manifest Helper", "CAB-TR_VST3ManifestHelper.vcxproj", "{AECFE9C6-3BB5-88B6-11E9-32C19B11F041}"
EndProject
Global
	GlobalSection(SolutionConfigurationPlatforms) = preSolution
		Debug|x64 = Debug|x64
		Release|x64 = Release|x64
	EndGlobalSection
	GlobalSection(ProjectConfigurationPlatforms) = postSolution
		{7BC32E3F-C040-2B03-8D37-3858DD76435A}.Debug|x64.ActiveCfg = Debug|x64
		{7BC32E3F-C040-2B03-8D37-3858DD76435A}.Debug|x64.Build.0 = Debug|x64
		{7BC32E3F-C040-2B03-8D37-3858DD76435A}.Release|x64.ActiveCfg = Release|x64
		{7BC32E3F-C040-2B03-8D37-3858DD76435A}.Release|x64.Build.0 = Release|x64
		{97D0737F-FB69-27DB-5C15-ABE49AC57131}.Debug|x64.ActiveCfg = Debug|x64
		{97D0737F-FB69-27DB-5C15-ABE49AC57131}.Debug|x64.Build.0 = Debug|x64
		{97D0737F-FB69-27DB-5C15-ABE49AC57131}.Release|x64.ActiveCfg = Release|x64
		{97D0737F-FB69-27DB-5C15-ABE49AC57131}.Release|x64.Build.0 = Release|x64
		{90051305-7C3D-33A2-9447-22DAF26A8C2C}.Debug|x64.ActiveCfg = Debug|x64
		{90051305-7C3D-33A2-9447-22DAF26A8C2C}.Debug|x64.Build.0 = Debug|x64
		{90051305-7C3D-33A2-9447-22DAF26A8C2C}.Release|x64.ActiveCfg = Release|x64
		{90051305-7C3D-33A2-9447-22DAF26A8C2C}.Release|x64.Build.0 = Release|x64
		{AECFE9C6-3BB5-88B6-11E9-32C19B11F041}.Debug|x64.ActiveCfg = Debug|x64
		{AECFE9C6-3BB5-88B6-11E9-32C19B11F041}.Debug|x64.Build.0 = Debug|x64
		{AECFE9C6-3BB5-88B6-11E9-32C19B11F041}.Release|x64.ActiveCfg = Release|x64
		{AECFE9C6-3BB5-88B6-11E9-32C19B11F041}.Release|x64.Build.0 = Release|x64
	EndGlobalSection
	GlobalSection(SolutionProperties) = preSolution
		HideSolutionNode = FALSE
	EndGlobalSection
EndGlobal
